
Microsoft Visual Studio Solution File, Format Version 12.00
# Visual Studio Version 16
VisualStudioVersion = 16.0.32126.315
MinimumVisualStudioVersion = 10.0.40219.1
Project("{FAE04EC0-301F-11D3-BF4B-00C04F79EFBC}") = "MvcCreditApp1", "MvcCreditApp1.csproj", "{2CBDA73F-DD28-42C1-8CAD-4D82376E0E7E}"
EndProject
Global
	GlobalSection(SolutionConfigurationPlatforms) = preSolution
		Debug|Any CPU = Debug|Any CPU
		Release|Any CPU = Release|Any CPU
	EndGlobalSection
	GlobalSection(ProjectConfigurationPlatforms) = postSolution
		{2CBDA73F-DD28-42C1-8CAD-4D82376E0E7E}.Debug|Any CPU.ActiveCfg = Debug|Any CPU
		{2CBDA73F-DD28-42C1-8CAD-4D82376E0E7E}.Debug|Any CPU.Build.0 = Debug|Any CPU
		{2CBDA73F-DD28-42C1-8CAD-4D82376E0E7E}.Release|Any CPU.ActiveCfg = Release|Any CPU
		{2CBDA73F-DD28-42C1-8CAD-4D82376E0E7E}.Release|Any CPU.Build.0 = Release|Any CPU
	EndGlobalSection
	GlobalSection(SolutionProperties) = preSolution
		HideSolutionNode = FALSE
	EndGlobalSection
	GlobalSection(ExtensibilityGlobals) = postSolution
		SolutionGuid = {BDFB1169-63E7-446E-ABE4-2A1482A55402}
	EndGlobalSection
EndGlobal
