
Microsoft Visual Studio Solution File, Format Version 12.00
# Visual Studio Version 17
VisualStudioVersion = 17.0.32014.148
MinimumVisualStudioVersion = 10.0.40219.1
Project("{FAE04EC0-301F-11D3-BF4B-00C04F79EFBC}") = "WebMVC", "WebMVC.csproj", "{C5CA02CC-3E40-4300-867F-B3E3CBD60425}"
EndProject
Global
	GlobalSection(SolutionConfigurationPlatforms) = preSolution
		Debug|Any CPU = Debug|Any CPU
		Release|Any CPU = Release|Any CPU
	EndGlobalSection
	GlobalSection(ProjectConfigurationPlatforms) = postSolution
		{C5CA02CC-3E40-4300-867F-B3E3CBD60425}.Debug|Any CPU.ActiveCfg = Debug|Any CPU
		{C5CA02CC-3E40-4300-867F-B3E3CBD60425}.Debug|Any CPU.Build.0 = Debug|Any CPU
		{C5CA02CC-3E40-4300-867F-B3E3CBD60425}.Release|Any CPU.ActiveCfg = Release|Any CPU
		{C5CA02CC-3E40-4300-867F-B3E3CBD60425}.Release|Any CPU.Build.0 = Release|Any CPU
	EndGlobalSection
	GlobalSection(SolutionProperties) = preSolution
		HideSolutionNode = FALSE
	EndGlobalSection
	GlobalSection(ExtensibilityGlobals) = postSolution
		SolutionGuid = {31042996-F1FF-4334-839E-4D01568308ED}
	EndGlobalSection
EndGlobal
